
Microsoft Visual Studio Solution File, Format Version 12.00
# Visual Studio Version 17
VisualStudioVersion = 17.9.34607.119
MinimumVisualStudioVersion = 10.0.40219.1
Project("{FAE04EC0-301F-11D3-BF4B-00C04F79EFBC}") = "Core.Persistence", "Core.Persistence\Core.Persistence.csproj", "{96AA980E-9C96-4E8D-9451-9608FD9A1F48}"
EndProject
Global
	GlobalSection(SolutionConfigurationPlatforms) = preSolution
		Debug|Any CPU = Debug|Any CPU
		Release|Any CPU = Release|Any CPU
	EndGlobalSection
	GlobalSection(ProjectConfigurationPlatforms) = postSolution
		{96AA980E-9C96-4E8D-9451-9608FD9A1F48}.Debug|Any CPU.ActiveCfg = Debug|Any CPU
		{96AA980E-9C96-4E8D-9451-9608FD9A1F48}.Debug|Any CPU.Build.0 = Debug|Any CPU
		{96AA980E-9C96-4E8D-9451-9608FD9A1F48}.Release|Any CPU.ActiveCfg = Release|Any CPU
		{96AA980E-9C96-4E8D-9451-9608FD9A1F48}.Release|Any CPU.Build.0 = Release|Any CPU
	EndGlobalSection
	GlobalSection(SolutionProperties) = preSolution
		HideSolutionNode = FALSE
	EndGlobalSection
	GlobalSection(ExtensibilityGlobals) = postSolution
		SolutionGuid = {1E3100FD-9C0F-4E44-9FD0-67D7F4CD8B68}
	EndGlobalSection
EndGlobal
